// !$*UTF8*$!
{
	archiveVersion = 1;
	classes = {
	};
	objectVersion = 56;
	objects = {

/* Begin PBXBuildFile section */
		C41FBB5B29B4141500241B81 /* ButtonSizeViewController.swift in Sources */ = {isa = PBXBuildFile; fileRef = C41FBB5A29B4141500241B81 /* ButtonSizeViewController.swift */; };
		C41FBB5D29B4143C00241B81 /* StackViewController.swift in Sources */ = {isa = PBXBuildFile; fileRef = C41FBB5C29B4143C00241B81 /* StackViewController.swift */; };
		C4A9611E29B19DFB0021F236 /* AppDelegate.swift in Sources */ = {isa = PBXBuildFile; fileRef = C4A9611D29B19DFB0021F236 /* AppDelegate.swift */; };
		C4A9612029B19DFB0021F236 /* SceneDelegate.swift in Sources */ = {isa = PBXBuildFile; fileRef = C4A9611F29B19DFB0021F236 /* SceneDelegate.swift */; };
		C4A9612229B19DFB0021F236 /* ViewController.swift in Sources */ = {isa = PBXBuildFile; fileRef = C4A9612129B19DFB0021F236 /* ViewController.swift */; };
		C4A9612729B19DFC0021F236 /* Assets.xcassets in Resources */ = {isa = PBXBuildFile; fileRef = C4A9612629B19DFC0021F236 /* Assets.xcassets */; };
		C4A9612A29B19DFC0021F236 /* LaunchScreen.storyboard in Resources */ = {isa = PBXBuildFile; fileRef = C4A9612829B19DFC0021F236 /* LaunchScreen.storyboard */; };
		C4A9613529B19DFC0021F236 /* _______________Tests.swift in Sources */ = {isa = PBXBuildFile; fileRef = C4A9613429B19DFC0021F236 /* _______________Tests.swift */; };
		C4A9613F29B19DFC0021F236 /* _______________UITests.swift in Sources */ = {isa = PBXBuildFile; fileRef = C4A9613E29B19DFC0021F236 /* _______________UITests.swift */; };
		C4A9614129B19DFC0021F236 /* _______________UITestsLaunchTests.swift in Sources */ = {isa = PBXBuildFile; fileRef = C4A9614029B19DFC0021F236 /* _______________UITestsLaunchTests.swift */; };
/* End PBXBuildFile section */

/* Begin PBXContainerItemProxy section */
		C4A9613129B19DFC0021F236 /* PBXContainerItemProxy */ = {
			isa = PBXContainerItemProxy;
			containerPortal = C4A9611229B19DFB0021F236 /* Project object */;
			proxyType = 1;
			remoteGlobalIDString = C4A9611929B19DFB0021F236;
			remoteInfo = "крестики нолики";
		};
		C4A9613B29B19DFC0021F236 /* PBXContainerItemProxy */ = {
			isa = PBXContainerItemProxy;
			containerPortal = C4A9611229B19DFB0021F236 /* Project object */;
			proxyType = 1;
			remoteGlobalIDString = C4A9611929B19DFB0021F236;
			remoteInfo = "крестики нолики";
		};
/* End PBXContainerItemProxy section */

/* Begin PBXFileReference section */
		C41FBB5A29B4141500241B81 /* ButtonSizeViewController.swift */ = {isa = PBXFileReference; lastKnownFileType = sourcecode.swift; path = ButtonSizeViewController.swift; sourceTree = "<group>"; };
		C41FBB5C29B4143C00241B81 /* StackViewController.swift */ = {isa = PBXFileReference; lastKnownFileType = sourcecode.swift; path = StackViewController.swift; sourceTree = "<group>"; };
		C4A9611A29B19DFB0021F236 /* tic tac toe.app */ = {isa = PBXFileReference; explicitFileType = wrapper.application; includeInIndex = 0; path = "tic tac toe.app"; sourceTree = BUILT_PRODUCTS_DIR; };
		C4A9611D29B19DFB0021F236 /* AppDelegate.swift */ = {isa = PBXFileReference; lastKnownFileType = sourcecode.swift; path = AppDelegate.swift; sourceTree = "<group>"; };
		C4A9611F29B19DFB0021F236 /* SceneDelegate.swift */ = {isa = PBXFileReference; lastKnownFileType = sourcecode.swift; path = SceneDelegate.swift; sourceTree = "<group>"; };
		C4A9612129B19DFB0021F236 /* ViewController.swift */ = {isa = PBXFileReference; lastKnownFileType = sourcecode.swift; path = ViewController.swift; sourceTree = "<group>"; };
		C4A9612629B19DFC0021F236 /* Assets.xcassets */ = {isa = PBXFileReference; lastKnownFileType = folder.assetcatalog; path = Assets.xcassets; sourceTree = "<group>"; };
		C4A9612929B19DFC0021F236 /* Base */ = {isa = PBXFileReference; lastKnownFileType = file.storyboard; name = Base; path = Base.lproj/LaunchScreen.storyboard; sourceTree = "<group>"; };
		C4A9612B29B19DFC0021F236 /* Info.plist */ = {isa = PBXFileReference; lastKnownFileType = text.plist.xml; path = Info.plist; sourceTree = "<group>"; };
		C4A9613029B19DFC0021F236 /* tic tac toeTests.xctest */ = {isa = PBXFileReference; explicitFileType = wrapper.cfbundle; includeInIndex = 0; path = "tic tac toeTests.xctest"; sourceTree = BUILT_PRODUCTS_DIR; };
		C4A9613429B19DFC0021F236 /* _______________Tests.swift */ = {isa = PBXFileReference; lastKnownFileType = sourcecode.swift; path = "_______________Tests.swift"; sourceTree = "<group>"; };
		C4A9613A29B19DFC0021F236 /* tic tac toeUITests.xctest */ = {isa = PBXFileReference; explicitFileType = wrapper.cfbundle; includeInIndex = 0; path = "tic tac toeUITests.xctest"; sourceTree = BUILT_PRODUCTS_DIR; };
		C4A9613E29B19DFC0021F236 /* _______________UITests.swift */ = {isa = PBXFileReference; lastKnownFileType = sourcecode.swift; path = "_______________UITests.swift"; sourceTree = "<group>"; };
		C4A9614029B19DFC0021F236 /* _______________UITestsLaunchTests.swift */ = {isa = PBXFileReference; lastKnownFileType = sourcecode.swift; path = "_______________UITestsLaunchTests.swift"; sourceTree = "<group>"; };
/* End PBXFileReference section */

/* Begin PBXFrameworksBuildPhase section */
		C4A9611729B19DFB0021F236 /* Frameworks */ = {
			isa = PBXFrameworksBuildPhase;
			buildActionMask = 2147483647;
			files = (
			);
			runOnlyForDeploymentPostprocessing = 0;
		};
		C4A9612D29B19DFC0021F236 /* Frameworks */ = {
			isa = PBXFrameworksBuildPhase;
			buildActionMask = 2147483647;
			files = (
			);
			runOnlyForDeploymentPostprocessing = 0;
		};
		C4A9613729B19DFC0021F236 /* Frameworks */ = {
			isa = PBXFrameworksBuildPhase;
			buildActionMask = 2147483647;
			files = (
			);
			runOnlyForDeploymentPostprocessing = 0;
		};
/* End PBXFrameworksBuildPhase section */

/* Begin PBXGroup section */
		C4A9611129B19DFB0021F236 = {
			isa = PBXGroup;
			children = (
				C4A9611C29B19DFB0021F236 /* tictactoe */,
				C4A9613329B19DFC0021F236 /* крестики ноликиTests */,
				C4A9613D29B19DFC0021F236 /* крестики ноликиUITests */,
				C4A9611B29B19DFB0021F236 /* Products */,
			);
			sourceTree = "<group>";
		};
		C4A9611B29B19DFB0021F236 /* Products */ = {
			isa = PBXGroup;
			children = (
				C4A9611A29B19DFB0021F236 /* tic tac toe.app */,
				C4A9613029B19DFC0021F236 /* tic tac toeTests.xctest */,
				C4A9613A29B19DFC0021F236 /* tic tac toeUITests.xctest */,
			);
			name = Products;
			sourceTree = "<group>";
		};
		C4A9611C29B19DFB0021F236 /* tictactoe */ = {
			isa = PBXGroup;
			children = (
				C4A9611D29B19DFB0021F236 /* AppDelegate.swift */,
				C4A9611F29B19DFB0021F236 /* SceneDelegate.swift */,
				C4A9612129B19DFB0021F236 /* ViewController.swift */,
				C41FBB5A29B4141500241B81 /* ButtonSizeViewController.swift */,
				C41FBB5C29B4143C00241B81 /* StackViewController.swift */,
				C4A9612629B19DFC0021F236 /* Assets.xcassets */,
				C4A9612829B19DFC0021F236 /* LaunchScreen.storyboard */,
				C4A9612B29B19DFC0021F236 /* Info.plist */,
			);
			path = tictactoe;
			sourceTree = "<group>";
		};
		C4A9613329B19DFC0021F236 /* крестики ноликиTests */ = {
			isa = PBXGroup;
			children = (
				C4A9613429B19DFC0021F236 /* _______________Tests.swift */,
			);
			path = "крестики ноликиTests";
			sourceTree = "<group>";
		};
		C4A9613D29B19DFC0021F236 /* крестики ноликиUITests */ = {
			isa = PBXGroup;
			children = (
				C4A9613E29B19DFC0021F236 /* _______________UITests.swift */,
				C4A9614029B19DFC0021F236 /* _______________UITestsLaunchTests.swift */,
			);
			path = "крестики ноликиUITests";
			sourceTree = "<group>";
		};
/* End PBXGroup section */

/* Begin PBXNativeTarget section */
		C4A9611929B19DFB0021F236 /* tic tac toe */ = {
			isa = PBXNativeTarget;
			buildConfigurationList = C4A9614429B19DFC0021F236 /* Build configuration list for PBXNativeTarget "tic tac toe" */;
			buildPhases = (
				C4A9611629B19DFB0021F236 /* Sources */,
				C4A9611729B19DFB0021F236 /* Frameworks */,
				C4A9611829B19DFB0021F236 /* Resources */,
			);
			buildRules = (
			);
			dependencies = (
			);
			name = "tic tac toe";
			productName = "крестики нолики";
			productReference = C4A9611A29B19DFB0021F236 /* tic tac toe.app */;
			productType = "com.apple.product-type.application";
		};
		C4A9612F29B19DFC0021F236 /* tic tac toeTests */ = {
			isa = PBXNativeTarget;
			buildConfigurationList = C4A9614729B19DFC0021F236 /* Build configuration list for PBXNativeTarget "tic tac toeTests" */;
			buildPhases = (
				C4A9612C29B19DFC0021F236 /* Sources */,
				C4A9612D29B19DFC0021F236 /* Frameworks */,
				C4A9612E29B19DFC0021F236 /* Resources */,
			);
			buildRules = (
			);
			dependencies = (
				C4A9613229B19DFC0021F236 /* PBXTargetDependency */,
			);
			name = "tic tac toeTests";
			productName = "крестики ноликиTests";
			productReference = C4A9613029B19DFC0021F236 /* tic tac toeTests.xctest */;
			productType = "com.apple.product-type.bundle.unit-test";
		};
		C4A9613929B19DFC0021F236 /* tic tac toeUITests */ = {
			isa = PBXNativeTarget;
			buildConfigurationList = C4A9614A29B19DFC0021F236 /* Build configuration list for PBXNativeTarget "tic tac toeUITests" */;
			buildPhases = (
				C4A9613629B19DFC0021F236 /* Sources */,
				C4A9613729B19DFC0021F236 /* Frameworks */,
				C4A9613829B19DFC0021F236 /* Resources */,
			);
			buildRules = (
			);
			dependencies = (
				C4A9613C29B19DFC0021F236 /* PBXTargetDependency */,
			);
			name = "tic tac toeUITests";
			productName = "крестики ноликиUITests";
			productReference = C4A9613A29B19DFC0021F236 /* tic tac toeUITests.xctest */;
			productType = "com.apple.product-type.bundle.ui-testing";
		};
/* End PBXNativeTarget section */

/* Begin PBXProject section */
		C4A9611229B19DFB0021F236 /* Project object */ = {
			isa = PBXProject;
			attributes = {
				BuildIndependentTargetsInParallel = 1;
				LastSwiftUpdateCheck = 1420;
				LastUpgradeCheck = 1420;
				TargetAttributes = {
					C4A9611929B19DFB0021F236 = {
						CreatedOnToolsVersion = 14.2;
					};
					C4A9612F29B19DFC0021F236 = {
						CreatedOnToolsVersion = 14.2;
						TestTargetID = C4A9611929B19DFB0021F236;
					};
					C4A9613929B19DFC0021F236 = {
						CreatedOnToolsVersion = 14.2;
						TestTargetID = C4A9611929B19DFB0021F236;
					};
				};
			};
			buildConfigurationList = C4A9611529B19DFB0021F236 /* Build configuration list for PBXProject "tic tac toe" */;
			compatibilityVersion = "Xcode 14.0";
			developmentRegion = en;
			hasScannedForEncodings = 0;
			knownRegions = (
				en,
				Base,
			);
			mainGroup = C4A9611129B19DFB0021F236;
			productRefGroup = C4A9611B29B19DFB0021F236 /* Products */;
			projectDirPath = "";
			projectRoot = "";
			targets = (
				C4A9611929B19DFB0021F236 /* tic tac toe */,
				C4A9612F29B19DFC0021F236 /* tic tac toeTests */,
				C4A9613929B19DFC0021F236 /* tic tac toeUITests */,
			);
		};
/* End PBXProject section */

/* Begin PBXResourcesBuildPhase section */
		C4A9611829B19DFB0021F236 /* Resources */ = {
			isa = PBXResourcesBuildPhase;
			buildActionMask = 2147483647;
			files = (
				C4A9612A29B19DFC0021F236 /* LaunchScreen.storyboard in Resources */,
				C4A9612729B19DFC0021F236 /* Assets.xcassets in Resources */,
			);
			runOnlyForDeploymentPostprocessing = 0;
		};
		C4A9612E29B19DFC0021F236 /* Resources */ = {
			isa = PBXResourcesBuildPhase;
			buildActionMask = 2147483647;
			files = (
			);
			runOnlyForDeploymentPostprocessing = 0;
		};
		C4A9613829B19DFC0021F236 /* Resources */ = {
			isa = PBXResourcesBuildPhase;
			buildActionMask = 2147483647;
			files = (
			);
			runOnlyForDeploymentPostprocessing = 0;
		};
/* End PBXResourcesBuildPhase section */

/* Begin PBXSourcesBuildPhase section */
		C4A9611629B19DFB0021F236 /* Sources */ = {
			isa = PBXSourcesBuildPhase;
			buildActionMask = 2147483647;
			files = (
				C4A9612229B19DFB0021F236 /* ViewController.swift in Sources */,
				C4A9611E29B19DFB0021F236 /* AppDelegate.swift in Sources */,
				C41FBB5D29B4143C00241B81 /* StackViewController.swift in Sources */,
				C41FBB5B29B4141500241B81 /* ButtonSizeViewController.swift in Sources */,
				C4A9612029B19DFB0021F236 /* SceneDelegate.swift in Sources */,
			);
			runOnlyForDeploymentPostprocessing = 0;
		};
		C4A9612C29B19DFC0021F236 /* Sources */ = {
			isa = PBXSourcesBuildPhase;
			buildActionMask = 2147483647;
			files = (
				C4A9613529B19DFC0021F236 /* _______________Tests.swift in Sources */,
			);
			runOnlyForDeploymentPostprocessing = 0;
		};
		C4A9613629B19DFC0021F236 /* Sources */ = {
			isa = PBXSourcesBuildPhase;
			buildActionMask = 2147483647;
			files = (
				C4A9614129B19DFC0021F236 /* _______________UITestsLaunchTests.swift in Sources */,
				C4A9613F29B19DFC0021F236 /* _______________UITests.swift in Sources */,
			);
			runOnlyForDeploymentPostprocessing = 0;
		};
/* End PBXSourcesBuildPhase section */

/* Begin PBXTargetDependency section */
		C4A9613229B19DFC0021F236 /* PBXTargetDependency */ = {
			isa = PBXTargetDependency;
			target = C4A9611929B19DFB0021F236 /* tic tac toe */;
			targetProxy = C4A9613129B19DFC0021F236 /* PBXContainerItemProxy */;
		};
		C4A9613C29B19DFC0021F236 /* PBXTargetDependency */ = {
			isa = PBXTargetDependency;
			target = C4A9611929B19DFB0021F236 /* tic tac toe */;
			targetProxy = C4A9613B29B19DFC0021F236 /* PBXContainerItemProxy */;
		};
/* End PBXTargetDependency section */

/* Begin PBXVariantGroup section */
		C4A9612829B19DFC0021F236 /* LaunchScreen.storyboard */ = {
			isa = PBXVariantGroup;
			children = (
				C4A9612929B19DFC0021F236 /* Base */,
			);
			name = LaunchScreen.storyboard;
			sourceTree = "<group>";
		};
/* End PBXVariantGroup section */

/* Begin XCBuildConfiguration section */
		C4A9614229B19DFC0021F236 /* Debug */ = {
			isa = XCBuildConfiguration;
			buildSettings = {
				ALWAYS_SEARCH_USER_PATHS = NO;
				CLANG_ANALYZER_NONNULL = YES;
				CLANG_ANALYZER_NUMBER_OBJECT_CONVERSION = YES_AGGRESSIVE;
				CLANG_CXX_LANGUAGE_STANDARD = "gnu++20";
				CLANG_ENABLE_MODULES = YES;
				CLANG_ENABLE_OBJC_ARC = YES;
				CLANG_ENABLE_OBJC_WEAK = YES;
				CLANG_WARN_BLOCK_CAPTURE_AUTORELEASING = YES;
				CLANG_WARN_BOOL_CONVERSION = YES;
				CLANG_WARN_COMMA = YES;
				CLANG_WARN_CONSTANT_CONVERSION = YES;
				CLANG_WARN_DEPRECATED_OBJC_IMPLEMENTATIONS = YES;
				CLANG_WARN_DIRECT_OBJC_ISA_USAGE = YES_ERROR;
				CLANG_WARN_DOCUMENTATION_COMMENTS = YES;
				CLANG_WARN_EMPTY_BODY = YES;
				CLANG_WARN_ENUM_CONVERSION = YES;
				CLANG_WARN_INFINITE_RECURSION = YES;
				CLANG_WARN_INT_CONVERSION = YES;
				CLANG_WARN_NON_LITERAL_NULL_CONVERSION = YES;
				CLANG_WARN_OBJC_IMPLICIT_RETAIN_SELF = YES;
				CLANG_WARN_OBJC_LITERAL_CONVERSION = YES;
				CLANG_WARN_OBJC_ROOT_CLASS = YES_ERROR;
				CLANG_WARN_QUOTED_INCLUDE_IN_FRAMEWORK_HEADER = YES;
				CLANG_WARN_RANGE_LOOP_ANALYSIS = YES;
				CLANG_WARN_STRICT_PROTOTYPES = YES;
				CLANG_WARN_SUSPICIOUS_MOVE = YES;
				CLANG_WARN_UNGUARDED_AVAILABILITY = YES_AGGRESSIVE;
				CLANG_WARN_UNREACHABLE_CODE = YES;
				CLANG_WARN__DUPLICATE_METHOD_MATCH = YES;
				COPY_PHASE_STRIP = NO;
				DEBUG_INFORMATION_FORMAT = dwarf;
				ENABLE_STRICT_OBJC_MSGSEND = YES;
				ENABLE_TESTABILITY = YES;
				GCC_C_LANGUAGE_STANDARD = gnu11;
				GCC_DYNAMIC_NO_PIC = NO;
				GCC_NO_COMMON_BLOCKS = YES;
				GCC_OPTIMIZATION_LEVEL = 0;
				GCC_PREPROCESSOR_DEFINITIONS = (
					"DEBUG=1",
					"$(inherited)",
				);
				GCC_WARN_64_TO_32_BIT_CONVERSION = YES;
				GCC_WARN_ABOUT_RETURN_TYPE = YES_ERROR;
				GCC_WARN_UNDECLARED_SELECTOR = YES;
				GCC_WARN_UNINITIALIZED_AUTOS = YES_AGGRESSIVE;
				GCC_WARN_UNUSED_FUNCTION = YES;
				GCC_WARN_UNUSED_VARIABLE = YES;
				IPHONEOS_DEPLOYMENT_TARGET = 16.2;
				MTL_ENABLE_DEBUG_INFO = INCLUDE_SOURCE;
				MTL_FAST_MATH = YES;
				ONLY_ACTIVE_ARCH = YES;
				SDKROOT = iphoneos;
				SWIFT_ACTIVE_COMPILATION_CONDITIONS = DEBUG;
				SWIFT_OPTIMIZATION_LEVEL = "-Onone";
			};
			name = Debug;
		};
		C4A9614329B19DFC0021F236 /* Release */ = {
			isa = XCBuildConfiguration;
			buildSettings = {
				ALWAYS_SEARCH_USER_PATHS = NO;
				CLANG_ANALYZER_NONNULL = YES;
				CLANG_ANALYZER_NUMBER_OBJECT_CONVERSION = YES_AGGRESSIVE;
				CLANG_CXX_LANGUAGE_STANDARD = "gnu++20";
				CLANG_ENABLE_MODULES = YES;
				CLANG_ENABLE_OBJC_ARC = YES;
				CLANG_ENABLE_OBJC_WEAK = YES;
				CLANG_WARN_BLOCK_CAPTURE_AUTORELEASING = YES;
				CLANG_WARN_BOOL_CONVERSION = YES;
				CLANG_WARN_COMMA = YES;
				CLANG_WARN_CONSTANT_CONVERSION = YES;
				CLANG_WARN_DEPRECATED_OBJC_IMPLEMENTATIONS = YES;
				CLANG_WARN_DIRECT_OBJC_ISA_USAGE = YES_ERROR;
				CLANG_WARN_DOCUMENTATION_COMMENTS = YES;
				CLANG_WARN_EMPTY_BODY = YES;
				CLANG_WARN_ENUM_CONVERSION = YES;
				CLANG_WARN_INFINITE_RECURSION = YES;
				CLANG_WARN_INT_CONVERSION = YES;
				CLANG_WARN_NON_LITERAL_NULL_CONVERSION = YES;
				CLANG_WARN_OBJC_IMPLICIT_RETAIN_SELF = YES;
				CLANG_WARN_OBJC_LITERAL_CONVERSION = YES;
				CLANG_WARN_OBJC_ROOT_CLASS = YES_ERROR;
				CLANG_WARN_QUOTED_INCLUDE_IN_FRAMEWORK_HEADER = YES;
				CLANG_WARN_RANGE_LOOP_ANALYSIS = YES;
				CLANG_WARN_STRICT_PROTOTYPES = YES;
				CLANG_WARN_SUSPICIOUS_MOVE = YES;
				CLANG_WARN_UNGUARDED_AVAILABILITY = YES_AGGRESSIVE;
				CLANG_WARN_UNREACHABLE_CODE = YES;
				CLANG_WARN__DUPLICATE_METHOD_MATCH = YES;
				COPY_PHASE_STRIP = NO;
				DEBUG_INFORMATION_FORMAT = "dwarf-with-dsym";
				ENABLE_NS_ASSERTIONS = NO;
				ENABLE_STRICT_OBJC_MSGSEND = YES;
				GCC_C_LANGUAGE_STANDARD = gnu11;
				GCC_NO_COMMON_BLOCKS = YES;
				GCC_WARN_64_TO_32_BIT_CONVERSION = YES;
				GCC_WARN_ABOUT_RETURN_TYPE = YES_ERROR;
				GCC_WARN_UNDECLARED_SELECTOR = YES;
				GCC_WARN_UNINITIALIZED_AUTOS = YES_AGGRESSIVE;
				GCC_WARN_UNUSED_FUNCTION = YES;
				GCC_WARN_UNUSED_VARIABLE = YES;
				IPHONEOS_DEPLOYMENT_TARGET = 16.2;
				MTL_ENABLE_DEBUG_INFO = NO;
				MTL_FAST_MATH = YES;
				SDKROOT = iphoneos;
				SWIFT_COMPILATION_MODE = wholemodule;
				SWIFT_OPTIMIZATION_LEVEL = "-O";
				VALIDATE_PRODUCT = YES;
			};
			name = Release;
		};
		C4A9614529B19DFC0021F236 /* Debug */ = {
			isa = XCBuildConfiguration;
			buildSettings = {
				ASSETCATALOG_COMPILER_APPICON_NAME = AppIcon;
				ASSETCATALOG_COMPILER_GLOBAL_ACCENT_COLOR_NAME = AccentColor;
				CODE_SIGN_STYLE = Automatic;
				CURRENT_PROJECT_VERSION = 1;
				DEVELOPMENT_TEAM = 9BBZ3F39P6;
				GENERATE_INFOPLIST_FILE = YES;
				INFOPLIST_FILE = "крестики нолики/Info.plist";
				INFOPLIST_KEY_UIApplicationSupportsIndirectInputEvents = YES;
				INFOPLIST_KEY_UILaunchStoryboardName = LaunchScreen;
				INFOPLIST_KEY_UISupportedInterfaceOrientations_iPad = "UIInterfaceOrientationPortrait UIInterfaceOrientationPortraitUpsideDown UIInterfaceOrientationLandscapeLeft UIInterfaceOrientationLandscapeRight";
				INFOPLIST_KEY_UISupportedInterfaceOrientations_iPhone = "UIInterfaceOrientationPortrait UIInterfaceOrientationLandscapeLeft UIInterfaceOrientationLandscapeRight";
				LD_RUNPATH_SEARCH_PATHS = (
					"$(inherited)",
					"@executable_path/Frameworks",
				);
				MARKETING_VERSION = 1.0;
				PRODUCT_BUNDLE_IDENTIFIER = "-.tic-tac-toe";
				PRODUCT_NAME = "$(TARGET_NAME)";
				SWIFT_EMIT_LOC_STRINGS = YES;
				SWIFT_VERSION = 5.0;
				TARGETED_DEVICE_FAMILY = "1,2";
			};
			name = Debug;
		};
		C4A9614629B19DFC0021F236 /* Release */ = {
			isa = XCBuildConfiguration;
			buildSettings = {
				ASSETCATALOG_COMPILER_APPICON_NAME = AppIcon;
				ASSETCATALOG_COMPILER_GLOBAL_ACCENT_COLOR_NAME = AccentColor;
				CODE_SIGN_STYLE = Automatic;
				CURRENT_PROJECT_VERSION = 1;
				DEVELOPMENT_TEAM = 9BBZ3F39P6;
				GENERATE_INFOPLIST_FILE = YES;
				INFOPLIST_FILE = "крестики нолики/Info.plist";
				INFOPLIST_KEY_UIApplicationSupportsIndirectInputEvents = YES;
				INFOPLIST_KEY_UILaunchStoryboardName = LaunchScreen;
				INFOPLIST_KEY_UISupportedInterfaceOrientations_iPad = "UIInterfaceOrientationPortrait UIInterfaceOrientationPortraitUpsideDown UIInterfaceOrientationLandscapeLeft UIInterfaceOrientationLandscapeRight";
				INFOPLIST_KEY_UISupportedInterfaceOrientations_iPhone = "UIInterfaceOrientationPortrait UIInterfaceOrientationLandscapeLeft UIInterfaceOrientationLandscapeRight";
				LD_RUNPATH_SEARCH_PATHS = (
					"$(inherited)",
					"@executable_path/Frameworks",
				);
				MARKETING_VERSION = 1.0;
				PRODUCT_BUNDLE_IDENTIFIER = "-.tic-tac-toe";
				PRODUCT_NAME = "$(TARGET_NAME)";
				SWIFT_EMIT_LOC_STRINGS = YES;
				SWIFT_VERSION = 5.0;
				TARGETED_DEVICE_FAMILY = "1,2";
			};
			name = Release;
		};
		C4A9614829B19DFC0021F236 /* Debug */ = {
			isa = XCBuildConfiguration;
			buildSettings = {
				ALWAYS_EMBED_SWIFT_STANDARD_LIBRARIES = YES;
				BUNDLE_LOADER = "$(TEST_HOST)";
				CODE_SIGN_STYLE = Automatic;
				CURRENT_PROJECT_VERSION = 1;
				GENERATE_INFOPLIST_FILE = YES;
				IPHONEOS_DEPLOYMENT_TARGET = 16.2;
				MARKETING_VERSION = 1.0;
				PRODUCT_BUNDLE_IDENTIFIER = "-.---------------Tests";
				PRODUCT_NAME = "$(TARGET_NAME)";
				SWIFT_EMIT_LOC_STRINGS = NO;
				SWIFT_VERSION = 5.0;
				TARGETED_DEVICE_FAMILY = "1,2";
				TEST_HOST = "$(BUILT_PRODUCTS_DIR)/tic tac toe.app/$(BUNDLE_EXECUTABLE_FOLDER_PATH)/tic tac toe";
			};
			name = Debug;
		};
		C4A9614929B19DFC0021F236 /* Release */ = {
			isa = XCBuildConfiguration;
			buildSettings = {
				ALWAYS_EMBED_SWIFT_STANDARD_LIBRARIES = YES;
				BUNDLE_LOADER = "$(TEST_HOST)";
				CODE_SIGN_STYLE = Automatic;
				CURRENT_PROJECT_VERSION = 1;
				GENERATE_INFOPLIST_FILE = YES;
				IPHONEOS_DEPLOYMENT_TARGET = 16.2;
				MARKETING_VERSION = 1.0;
				PRODUCT_BUNDLE_IDENTIFIER = "-.---------------Tests";
				PRODUCT_NAME = "$(TARGET_NAME)";
				SWIFT_EMIT_LOC_STRINGS = NO;
				SWIFT_VERSION = 5.0;
				TARGETED_DEVICE_FAMILY = "1,2";
				TEST_HOST = "$(BUILT_PRODUCTS_DIR)/tic tac toe.app/$(BUNDLE_EXECUTABLE_FOLDER_PATH)/tic tac toe";
			};
			name = Release;
		};
		C4A9614B29B19DFC0021F236 /* Debug */ = {
			isa = XCBuildConfiguration;
			buildSettings = {
				ALWAYS_EMBED_SWIFT_STANDARD_LIBRARIES = YES;
				CODE_SIGN_STYLE = Automatic;
				CURRENT_PROJECT_VERSION = 1;
				GENERATE_INFOPLIST_FILE = YES;
				MARKETING_VERSION = 1.0;
				PRODUCT_BUNDLE_IDENTIFIER = "-.---------------UITests";
				PRODUCT_NAME = "$(TARGET_NAME)";
				SWIFT_EMIT_LOC_STRINGS = NO;
				SWIFT_VERSION = 5.0;
				TARGETED_DEVICE_FAMILY = "1,2";
				TEST_TARGET_NAME = "крестики нолики";
			};
			name = Debug;
		};
		C4A9614C29B19DFC0021F236 /* Release */ = {
			isa = XCBuildConfiguration;
			buildSettings = {
				ALWAYS_EMBED_SWIFT_STANDARD_LIBRARIES = YES;
				CODE_SIGN_STYLE = Automatic;
				CURRENT_PROJECT_VERSION = 1;
				GENERATE_INFOPLIST_FILE = YES;
				MARKETING_VERSION = 1.0;
				PRODUCT_BUNDLE_IDENTIFIER = "-.---------------UITests";
				PRODUCT_NAME = "$(TARGET_NAME)";
				SWIFT_EMIT_LOC_STRINGS = NO;
				SWIFT_VERSION = 5.0;
				TARGETED_DEVICE_FAMILY = "1,2";
				TEST_TARGET_NAME = "крестики нолики";
			};
			name = Release;
		};
/* End XCBuildConfiguration section */

/* Begin XCConfigurationList section */
		C4A9611529B19DFB0021F236 /* Build configuration list for PBXProject "tic tac toe" */ = {
			isa = XCConfigurationList;
			buildConfigurations = (
				C4A9614229B19DFC0021F236 /* Debug */,
				C4A9614329B19DFC0021F236 /* Release */,
			);
			defaultConfigurationIsVisible = 0;
			defaultConfigurationName = Release;
		};
		C4A9614429B19DFC0021F236 /* Build configuration list for PBXNativeTarget "tic tac toe" */ = {
			isa = XCConfigurationList;
			buildConfigurations = (
				C4A9614529B19DFC0021F236 /* Debug */,
				C4A9614629B19DFC0021F236 /* Release */,
			);
			defaultConfigurationIsVisible = 0;
			defaultConfigurationName = Release;
		};
		C4A9614729B19DFC0021F236 /* Build configuration list for PBXNativeTarget "tic tac toeTests" */ = {
			isa = XCConfigurationList;
			buildConfigurations = (
				C4A9614829B19DFC0021F236 /* Debug */,
				C4A9614929B19DFC0021F236 /* Release */,
			);
			defaultConfigurationIsVisible = 0;
			defaultConfigurationName = Release;
		};
		C4A9614A29B19DFC0021F236 /* Build configuration list for PBXNativeTarget "tic tac toeUITests" */ = {
			isa = XCConfigurationList;
			buildConfigurations = (
				C4A9614B29B19DFC0021F236 /* Debug */,
				C4A9614C29B19DFC0021F236 /* Release */,
			);
			defaultConfigurationIsVisible = 0;
			defaultConfigurationName = Release;
		};
/* End XCConfigurationList section */
	};
	rootObject = C4A9611229B19DFB0021F236 /* Project object */;
}
